
Microsoft Visual Studio Solution File, Format Version 12.00
# Visual Studio 2015
Project("{FAE04EC0-301F-11D3-BF4B-00C04F79EFBC}") = "IkaJump_test_ver.CSharp", "IkaJump_test_ver.CSharp.csproj", "{3945F8E6-7C9C-5E43-EE5F-C3B96952E679}"
EndProject
Global
	GlobalSection(SolutionConfigurationPlatforms) = preSolution
		Debug|Any CPU = Debug|Any CPU
		Release|Any CPU = Release|Any CPU
	EndGlobalSection
	GlobalSection(ProjectConfigurationPlatforms) = postSolution
		{3945F8E6-7C9C-5E43-EE5F-C3B96952E679}.Debug|Any CPU.ActiveCfg = Debug|Any CPU
		{3945F8E6-7C9C-5E43-EE5F-C3B96952E679}.Debug|Any CPU.Build.0 = Debug|Any CPU
		{3945F8E6-7C9C-5E43-EE5F-C3B96952E679}.Release|Any CPU.ActiveCfg = Release|Any CPU
		{3945F8E6-7C9C-5E43-EE5F-C3B96952E679}.Release|Any CPU.Build.0 = Release|Any CPU
	EndGlobalSection
	GlobalSection(SolutionProperties) = preSolution
		HideSolutionNode = FALSE
	EndGlobalSection
EndGlobal
